<?xml version="1.0" encoding="utf-8"?>
<Project ToolsVersion="4.0" xmlns="http://schemas.microsoft.com/developer/msbuild/2003">
  <ItemGroup>
    <Filter Include="Header Files">
      <UniqueIdentifier>{93995380-89BD-4b04-88EB-625FBE52EBFB}</UniqueIdentifier>
      <Extensions>h;hpp;hxx;hm;inl;inc;xsd</Extensions>
    </Filter>
    <Filter Include="Source Files">
      <UniqueIdentifier>{4FC737F1-C7A5-4376-A066-2A32D752A2FF}</UniqueIdentifier>
      <Extensions>cpp;c;cc;cxx;def;odl;idl;hpj;bat;asm;asmx</Extensions>
    </Filter>
    <Filter Include="base">
      <UniqueIdentifier>{4437dc5f-0bf7-4a15-a70a-32258cafbe36}</UniqueIdentifier>
    </Filter>
    <Filter Include="base\Header Files">
      <UniqueIdentifier>{860f6a15-f877-4e8a-a0d6-fc4a0ccc985b}</UniqueIdentifier>
    </Filter>
    <Filter Include="base\Source Files">
      <UniqueIdentifier>{00c1e41e-bcac-4dec-896c-3a09c5125e54}</UniqueIdentifier>
    </Filter>
    <Filter Include="meta">
      <UniqueIdentifier>{07c49d19-cbf2-4e9f-b45d-d8a087f7926b}</UniqueIdentifier>
    </Filter>
    <Filter Include="meta\Header Files">
      <UniqueIdentifier>{4d311953-abb4-4e92-adcb-bcad28c13312}</UniqueIdentifier>
    </Filter>
    <Filter Include="meta\Source Files">
      <UniqueIdentifier>{f3158382-6a38-463f-aaba-1a1618a18868}</UniqueIdentifier>
    </Filter>
    <Filter Include="coding">
      <UniqueIdentifier>{4367a8fa-d09f-489d-86b3-ab8fa707e5b2}</UniqueIdentifier>
    </Filter>
    <Filter Include="coding\Header Files">
      <UniqueIdentifier>{8c0f574c-7490-47c3-aa37-ba7d30ad8e72}</UniqueIdentifier>
    </Filter>
    <Filter Include="coding\Source Files">
      <UniqueIdentifier>{e273dc50-87c5-4d9b-8c71-773a369f00c5}</UniqueIdentifier>
    </Filter>
    <Filter Include="layout">
      <UniqueIdentifier>{54878363-4abe-444e-aa77-4757e09edb4d}</UniqueIdentifier>
    </Filter>
    <Filter Include="layout\Header Files">
      <UniqueIdentifier>{f05d3f7e-37a3-4373-b1bf-b952af37854c}</UniqueIdentifier>
    </Filter>
    <Filter Include="layout\Source Files">
      <UniqueIdentifier>{e729b7b3-e13c-4cf9-9ded-428c209b6f62}</UniqueIdentifier>
    </Filter>
    <Filter Include="util">
      <UniqueIdentifier>{717f16e9-63ac-4043-87ea-3b84c862e73b}</UniqueIdentifier>
    </Filter>
    <Filter Include="util\Header Files">
      <UniqueIdentifier>{47034ba8-7631-44db-aa83-c536b5f91212}</UniqueIdentifier>
    </Filter>
    <Filter Include="util\Source Files">
      <UniqueIdentifier>{eea07e9d-f942-4a76-914a-4f1d8e367130}</UniqueIdentifier>
    </Filter>
  </ItemGroup>
  <ItemGroup>
    <ClInclude Include="api.h">
      <Filter>Header Files</Filter>
    </ClInclude>
    <ClInclude Include="libvgmstream.h">
      <Filter>Header Files</Filter>
    </ClInclude>
    <ClInclude Include="libvgmstream_streamfile.h">
      <Filter>Header Files</Filter>
    </ClInclude>
    <ClInclude Include="streamfile.h">
      <Filter>Header Files</Filter>
    </ClInclude>
    <ClInclude Include="streamtypes.h">
      <Filter>Header Files</Filter>
    </ClInclude>
    <ClInclude Include="util.h">
      <Filter>Header Files</Filter>
    </ClInclude>
    <ClInclude Include="vgmstream.h">
      <Filter>Header Files</Filter>
    </ClInclude>
    <ClInclude Include="vgmstream_init.h">
      <Filter>Header Files</Filter>
    </ClInclude>
    <ClInclude Include="vgmstream_types.h">
      <Filter>Header Files</Filter>
    </ClInclude>
    <ClInclude Include="base\api_internal.h">
      <Filter>base\Header Files</Filter>
    </ClInclude>
    <ClInclude Include="base\decode.h">
      <Filter>base\Header Files</Filter>
    </ClInclude>
    <ClInclude Include="base\mixer.h">
      <Filter>base\Header Files</Filter>
    </ClInclude>
    <ClInclude Include="base\mixer_priv.h">
      <Filter>base\Header Files</Filter>
    </ClInclude>
    <ClInclude Include="base\mixing.h">
      <Filter>base\Header Files</Filter>
    </ClInclude>
    <ClInclude Include="base\plugins.h">
      <Filter>base\Header Files</Filter>
    </ClInclude>
    <ClInclude Include="base\render.h">
      <Filter>base\Header Files</Filter>
    </ClInclude>
    <ClInclude Include="base\sbuf.h">
      <Filter>base\Header Files</Filter>
    </ClInclude>
    <ClInclude Include="coding\coding.h">
      <Filter>coding\Header Files</Filter>
    </ClInclude>
    <ClInclude Include="layout\layout.h">
      <Filter>layout\Header Files</Filter>
    </ClInclude>
    <ClInclude Include="meta\meta.h">
      <Filter>meta\Header Files</Filter>
    </ClInclude>
    <ClInclude Include="util\log.h">
      <Filter>util\Header Files</Filter>
    </ClInclude>
    <ClInclude Include="util\paths.h">
      <Filter>util\Header Files</Filter>
    </ClInclude>
    <ClInclude Include="util\reader_get.h">
      <Filter>util\Header Files</Filter>
    </ClInclude>
    <ClInclude Include="util\reader_put.h">
      <Filter>util\Header Files</Filter>
    </ClInclude>
    <ClInclude Include="util\reader_sf.h">
      <Filter>util\Header Files</Filter>
    </ClInclude>
    <ClInclude Include="util\reader_text.h">
      <Filter>util\Header Files</Filter>
    </ClInclude>
    <ClInclude Include="util\sf_utils.h">
      <Filter>util\Header Files</Filter>
    </ClInclude>
    <ClInclude Include="util\vgmstream_limits.h">
      <Filter>util\Header Files</Filter>
    </ClInclude>
  </ItemGroup>
  <ItemGroup>
    <ClCompile Include="formats.c">
      <Filter>Source Files</Filter>
    </ClCompile>
    <ClCompile Include="streamfile.c">
      <Filter>Source Files</Filter>
    </ClCompile>
    <ClCompile Include="util.c">
      <Filter>Source Files</Filter>
    </ClCompile>
    <ClCompile Include="vgmstream.c">
      <Filter>Source Files</Filter>
    </ClCompile>
    <ClCompile Include="vgmstream_init.c">
      <Filter>Source Files</Filter>
    </ClCompile>
    <ClCompile Include="base\api_decode_base.c">
      <Filter>base\Source Files</Filter>
    </ClCompile>
    <ClCompile Include="base\api_decode_open.c">
      <Filter>base\Source Files</Filter>
    </ClCompile>
    <ClCompile Include="base\api_decode_play.c">
      <Filter>base\Source Files</Filter>
    </ClCompile>
    <ClCompile Include="base\api_helpers.c">
      <Filter>base\Source Files</Filter>
    </ClCompile>
    <ClCompile Include="base\api_libsf.c">
      <Filter>base\Source Files</Filter>
    </ClCompile>
    <ClCompile Include="base\api_tags.c">
      <Filter>base\Source Files</Filter>
    </ClCompile>
    <ClCompile Include="base\config.c">
      <Filter>base\Source Files</Filter>
    </ClCompile>
    <ClCompile Include="base\decode.c">
      <Filter>base\Source Files</Filter>
    </ClCompile>
    <ClCompile Include="base\info.c">
      <Filter>base\Source Files</Filter>
    </ClCompile>
    <ClCompile Include="base\mixer.c">
      <Filter>base\Source Files</Filter>
    </ClCompile>
    <ClCompile Include="base\mixer_ops_common.c">
      <Filter>base\Source Files</Filter>
    </ClCompile>
    <ClCompile Include="base\mixer_ops_fade.c">
      <Filter>base\Source Files</Filter>
    </ClCompile>
    <ClCompile Include="base\mixing.c">
      <Filter>base\Source Files</Filter>
    </ClCompile>
    <ClCompile Include="base\mixing_commands.c">
      <Filter>base\Source Files</Filter>
    </ClCompile>
    <ClCompile Include="base\mixing_macros.c">
      <Filter>base\Source Files</Filter>
    </ClCompile>
    <ClCompile Include="base\plugins.c">
      <Filter>base\Source Files</Filter>
    </ClCompile>
    <ClCompile Include="base\render.c">
      <Filter>base\Source Files</Filter>
    </ClCompile>
    <ClCompile Include="base\seek.c">
      <Filter>base\Source Files</Filter>
    </ClCompile>
    <ClCompile Include="base\streamfile_api.c">
      <Filter>base\Source Files</Filter>
    </ClCompile>
    <ClCompile Include="base\streamfile_buffer.c">
      <Filter>base\Source Files</Filter>
    </ClCompile>
    <ClCompile Include="base\streamfile_clamp.c">
      <Filter>base\Source Files</Filter>
    </ClCompile>
    <ClCompile Include="base\streamfile_fakename.c">
      <Filter>base\Source Files</Filter>
    </ClCompile>
    <ClCompile Include="base\streamfile_io.c">
      <Filter>base\Source Files</Filter>
    </ClCompile>
    <ClCompile Include="base\streamfile_multifile.c">
      <Filter>base\Source Files</Filter>
    </ClCompile>
    <ClCompile Include="base\streamfile_stdio.c">
      <Filter>base\Source Files</Filter>
    </ClCompile>
    <ClCompile Include="base\streamfile_wrap.c">
      <Filter>base\Source Files</Filter>
    </ClCompile>
    <ClCompile Include="base\tags.c">
      <Filter>base\Source Files</Filter>
    </ClCompile>
    <ClCompile Include="coding\ffmpeg_decoder.c">
      <Filter>coding\Source Files</Filter>
    </ClCompile>
    <ClCompile Include="coding\ffmpeg_decoder_utils.c">
      <Filter>coding\Source Files</Filter>
    </ClCompile>
    <ClCompile Include="layout\flat.c">
      <Filter>layout\Source Files</Filter>
    </ClCompile>
    <ClCompile Include="meta\ffmpeg.c">
      <Filter>meta\Source Files</Filter>
    </ClCompile>
    <ClCompile Include="meta\sli.c">
      <Filter>meta\Source Files</Filter>
    </ClCompile>
    <ClCompile Include="util\log.c">
      <Filter>util\Source Files</Filter>
    </ClCompile>
    <ClCompile Include="util\paths.c">
      <Filter>util\Source Files</Filter>
    </ClCompile>
    <ClCompile Include="util\reader.c">
      <Filter>util\Source Files</Filter>
    </ClCompile>
    <ClCompile Include="util\sf_utils.c">
      <Filter>util\Source Files</Filter>
    </ClCompile>
  </ItemGroup>
</Project>